
Microsoft Visual Studio Solution File, Format Version 12.00
# Visual Studio Version 17
VisualStudioVersion = 17.4.33122.133
MinimumVisualStudioVersion = 10.0.40219.1
Project("{FAE04EC0-301F-11D3-BF4B-00C04F79EFBC}") = "func-penguinhack", "func-penguinhack\func-penguinhack.csproj", "{0E55BCF0-95D6-4D67-BD3C-3D3EDF41992A}"
EndProject
Global
	GlobalSection(SolutionConfigurationPlatforms) = preSolution
		Debug|Any CPU = Debug|Any CPU
		Release|Any CPU = Release|Any CPU
	EndGlobalSection
	GlobalSection(ProjectConfigurationPlatforms) = postSolution
		{0E55BCF0-95D6-4D67-BD3C-3D3EDF41992A}.Debug|Any CPU.ActiveCfg = Debug|Any CPU
		{0E55BCF0-95D6-4D67-BD3C-3D3EDF41992A}.Debug|Any CPU.Build.0 = Debug|Any CPU
		{0E55BCF0-95D6-4D67-BD3C-3D3EDF41992A}.Release|Any CPU.ActiveCfg = Release|Any CPU
		{0E55BCF0-95D6-4D67-BD3C-3D3EDF41992A}.Release|Any CPU.Build.0 = Release|Any CPU
	EndGlobalSection
	GlobalSection(SolutionProperties) = preSolution
		HideSolutionNode = FALSE
	EndGlobalSection
	GlobalSection(ExtensibilityGlobals) = postSolution
		SolutionGuid = {05429351-5A82-4DF8-8AFA-8EA8E0BD945B}
	EndGlobalSection
EndGlobal
